
Microsoft Visual Studio Solution File, Format Version 12.00
# Visual Studio Version 17
VisualStudioVersion = 17.7.34024.191
MinimumVisualStudioVersion = 10.0.40219.1
Project("{2150E333-8FDC-42A3-9474-1A3956D46DE8}") = "Doc", "Doc", "{BD1341AD-7262-4EB1-B760-321AA5342046}"
EndProject
Project("{2150E333-8FDC-42A3-9474-1A3956D46DE8}") = "Src", "Src", "{A583EA48-128B-4A4E-B73B-90FBEC4620F8}"
EndProject
Project("{2150E333-8FDC-42A3-9474-1A3956D46DE8}") = "Test", "Test", "{C64D23A2-7BB9-46CF-AEC8-DA4F34172D3F}"
EndProject
Project("{2150E333-8FDC-42A3-9474-1A3956D46DE8}") = "Common", "Common", "{3BCDBFBA-079E-4A3E-B20A-D2C86CB201FA}"
EndProject
Project("{2150E333-8FDC-42A3-9474-1A3956D46DE8}") = "Core", "Core", "{BCBBB4D8-9402-42F2-8F81-5F34646884E7}"
EndProject
Project("{2150E333-8FDC-42A3-9474-1A3956D46DE8}") = "infrastructure", "infrastructure", "{3980F212-146C-4AB0-9DE7-CC7732286C51}"
EndProject
Project("{2150E333-8FDC-42A3-9474-1A3956D46DE8}") = "Presantation", "Presantation", "{1EFA73F4-1CF5-4303-B75E-3416568201A7}"
EndProject
Project("{9A19103F-16F7-4668-BE54-9A1E7A4F7556}") = "EndPointAPI", "EndPointAPI\EndPointAPI.csproj", "{E8FE591E-EE71-439B-BE3D-8B4B1089809A}"
EndProject
Project("{9A19103F-16F7-4668-BE54-9A1E7A4F7556}") = "Atelier.Common", "Atelier.Common\Atelier.Common.csproj", "{808332F3-AB60-43E4-8B70-811DD801EEB1}"
EndProject
Project("{9A19103F-16F7-4668-BE54-9A1E7A4F7556}") = "Atelier.Application", "Atelier.Application\Atelier.Application.csproj", "{B04B55C9-2B1D-4A6A-A0B9-2973EAB9AF19}"
EndProject
Project("{9A19103F-16F7-4668-BE54-9A1E7A4F7556}") = "Atelier.Domain", "Atelier.Domain\Atelier.Domain.csproj", "{723DFF2F-00F1-4EBB-84D4-E157EF0D0CC9}"
EndProject
Project("{9A19103F-16F7-4668-BE54-9A1E7A4F7556}") = "Atelier.infrastructure", "Atelier.infrastructure\Atelier.infrastructure.csproj", "{9538FCCA-969A-438C-A355-61DCA09B7048}"
EndProject
Project("{9A19103F-16F7-4668-BE54-9A1E7A4F7556}") = "Atelier.Persistence", "Atelier.Persistence\Atelier.Persistence.csproj", "{1BF0FB12-AA8A-4450-B6EF-5AF697BEC0FB}"
EndProject
Global
	GlobalSection(SolutionConfigurationPlatforms) = preSolution
		Debug|Any CPU = Debug|Any CPU
		Release|Any CPU = Release|Any CPU
	EndGlobalSection
	GlobalSection(ProjectConfigurationPlatforms) = postSolution
		{E8FE591E-EE71-439B-BE3D-8B4B1089809A}.Debug|Any CPU.ActiveCfg = Debug|Any CPU
		{E8FE591E-EE71-439B-BE3D-8B4B1089809A}.Debug|Any CPU.Build.0 = Debug|Any CPU
		{E8FE591E-EE71-439B-BE3D-8B4B1089809A}.Release|Any CPU.ActiveCfg = Release|Any CPU
		{E8FE591E-EE71-439B-BE3D-8B4B1089809A}.Release|Any CPU.Build.0 = Release|Any CPU
		{808332F3-AB60-43E4-8B70-811DD801EEB1}.Debug|Any CPU.ActiveCfg = Debug|Any CPU
		{808332F3-AB60-43E4-8B70-811DD801EEB1}.Debug|Any CPU.Build.0 = Debug|Any CPU
		{808332F3-AB60-43E4-8B70-811DD801EEB1}.Release|Any CPU.ActiveCfg = Release|Any CPU
		{808332F3-AB60-43E4-8B70-811DD801EEB1}.Release|Any CPU.Build.0 = Release|Any CPU
		{B04B55C9-2B1D-4A6A-A0B9-2973EAB9AF19}.Debug|Any CPU.ActiveCfg = Debug|Any CPU
		{B04B55C9-2B1D-4A6A-A0B9-2973EAB9AF19}.Debug|Any CPU.Build.0 = Debug|Any CPU
		{B04B55C9-2B1D-4A6A-A0B9-2973EAB9AF19}.Release|Any CPU.ActiveCfg = Release|Any CPU
		{B04B55C9-2B1D-4A6A-A0B9-2973EAB9AF19}.Release|Any CPU.Build.0 = Release|Any CPU
		{723DFF2F-00F1-4EBB-84D4-E157EF0D0CC9}.Debug|Any CPU.ActiveCfg = Debug|Any CPU
		{723DFF2F-00F1-4EBB-84D4-E157EF0D0CC9}.Debug|Any CPU.Build.0 = Debug|Any CPU
		{723DFF2F-00F1-4EBB-84D4-E157EF0D0CC9}.Release|Any CPU.ActiveCfg = Release|Any CPU
		{723DFF2F-00F1-4EBB-84D4-E157EF0D0CC9}.Release|Any CPU.Build.0 = Release|Any CPU
		{9538FCCA-969A-438C-A355-61DCA09B7048}.Debug|Any CPU.ActiveCfg = Debug|Any CPU
		{9538FCCA-969A-438C-A355-61DCA09B7048}.Debug|Any CPU.Build.0 = Debug|Any CPU
		{9538FCCA-969A-438C-A355-61DCA09B7048}.Release|Any CPU.ActiveCfg = Release|Any CPU
		{9538FCCA-969A-438C-A355-61DCA09B7048}.Release|Any CPU.Build.0 = Release|Any CPU
		{1BF0FB12-AA8A-4450-B6EF-5AF697BEC0FB}.Debug|Any CPU.ActiveCfg = Debug|Any CPU
		{1BF0FB12-AA8A-4450-B6EF-5AF697BEC0FB}.Debug|Any CPU.Build.0 = Debug|Any CPU
		{1BF0FB12-AA8A-4450-B6EF-5AF697BEC0FB}.Release|Any CPU.ActiveCfg = Release|Any CPU
		{1BF0FB12-AA8A-4450-B6EF-5AF697BEC0FB}.Release|Any CPU.Build.0 = Release|Any CPU
	EndGlobalSection
	GlobalSection(SolutionProperties) = preSolution
		HideSolutionNode = FALSE
	EndGlobalSection
	GlobalSection(NestedProjects) = preSolution
		{3BCDBFBA-079E-4A3E-B20A-D2C86CB201FA} = {A583EA48-128B-4A4E-B73B-90FBEC4620F8}
		{BCBBB4D8-9402-42F2-8F81-5F34646884E7} = {A583EA48-128B-4A4E-B73B-90FBEC4620F8}
		{3980F212-146C-4AB0-9DE7-CC7732286C51} = {A583EA48-128B-4A4E-B73B-90FBEC4620F8}
		{1EFA73F4-1CF5-4303-B75E-3416568201A7} = {A583EA48-128B-4A4E-B73B-90FBEC4620F8}
		{E8FE591E-EE71-439B-BE3D-8B4B1089809A} = {1EFA73F4-1CF5-4303-B75E-3416568201A7}
		{808332F3-AB60-43E4-8B70-811DD801EEB1} = {3BCDBFBA-079E-4A3E-B20A-D2C86CB201FA}
		{B04B55C9-2B1D-4A6A-A0B9-2973EAB9AF19} = {BCBBB4D8-9402-42F2-8F81-5F34646884E7}
		{723DFF2F-00F1-4EBB-84D4-E157EF0D0CC9} = {BCBBB4D8-9402-42F2-8F81-5F34646884E7}
		{9538FCCA-969A-438C-A355-61DCA09B7048} = {3980F212-146C-4AB0-9DE7-CC7732286C51}
		{1BF0FB12-AA8A-4450-B6EF-5AF697BEC0FB} = {3980F212-146C-4AB0-9DE7-CC7732286C51}
	EndGlobalSection
	GlobalSection(ExtensibilityGlobals) = postSolution
		SolutionGuid = {CCE0E197-36E7-439E-A7F6-5A1D4E8CE2E4}
	EndGlobalSection
EndGlobal
